// !$*UTF8*$!
{
	archiveVersion = 1;
	classes = {
	};
	objectVersion = 50;
	objects = {

/* Begin PBXBuildFile section */
		EE44541922C14BAA00DB123D /* AppDelegate.swift in Sources */ = {isa = PBXBuildFile; fileRef = EE44541822C14BAA00DB123D /* AppDelegate.swift */; };
		EE44541B22C14BAA00DB123D /* ViewController.swift in Sources */ = {isa = PBXBuildFile; fileRef = EE44541A22C14BAA00DB123D /* ViewController.swift */; };
		EE44541E22C14BAA00DB123D /* Main.storyboard in Resources */ = {isa = PBXBuildFile; fileRef = EE44541C22C14BAA00DB123D /* Main.storyboard */; };
		EE44542022C14BAC00DB123D /* Assets.xcassets in Resources */ = {isa = PBXBuildFile; fileRef = EE44541F22C14BAC00DB123D /* Assets.xcassets */; };
		EE44542322C14BAC00DB123D /* LaunchScreen.storyboard in Resources */ = {isa = PBXBuildFile; fileRef = EE44542122C14BAC00DB123D /* LaunchScreen.storyboard */; };
		EE44542B22C14C2C00DB123D /* CountiresTableView.xib in Resources */ = {isa = PBXBuildFile; fileRef = EE44542A22C14C2C00DB123D /* CountiresTableView.xib */; };
		EE44542D22C14CF800DB123D /* CountiresTableView.swift in Sources */ = {isa = PBXBuildFile; fileRef = EE44542C22C14CF800DB123D /* CountiresTableView.swift */; };
		EE44543022C14F1C00DB123D /* CountyCell.swift in Sources */ = {isa = PBXBuildFile; fileRef = EE44542E22C14F1C00DB123D /* CountyCell.swift */; };
		EE44543122C14F1C00DB123D /* CountyCell.xib in Resources */ = {isa = PBXBuildFile; fileRef = EE44542F22C14F1C00DB123D /* CountyCell.xib */; };
		EE44543322C14FE300DB123D /* DataManager.swift in Sources */ = {isa = PBXBuildFile; fileRef = EE44543222C14FE300DB123D /* DataManager.swift */; };
		EE44543622C1501800DB123D /* ServerManager.swift in Sources */ = {isa = PBXBuildFile; fileRef = EE44543522C1501800DB123D /* ServerManager.swift */; };
		EE44543822C1505E00DB123D /* Country.swift in Sources */ = {isa = PBXBuildFile; fileRef = EE44543722C1505E00DB123D /* Country.swift */; };
		EE97C74B22C26458000E47DA /* CountryViewController.swift in Sources */ = {isa = PBXBuildFile; fileRef = EE97C74A22C26458000E47DA /* CountryViewController.swift */; };
		EE97C74D22C271F5000E47DA /* Constants.swift in Sources */ = {isa = PBXBuildFile; fileRef = EE97C74C22C271F5000E47DA /* Constants.swift */; };
/* End PBXBuildFile section */

/* Begin PBXFileReference section */
		EE44541522C14BAA00DB123D /* CountriesApp19.app */ = {isa = PBXFileReference; explicitFileType = wrapper.application; includeInIndex = 0; path = CountriesApp19.app; sourceTree = BUILT_PRODUCTS_DIR; };
		EE44541822C14BAA00DB123D /* AppDelegate.swift */ = {isa = PBXFileReference; lastKnownFileType = sourcecode.swift; path = AppDelegate.swift; sourceTree = "<group>"; };
		EE44541A22C14BAA00DB123D /* ViewController.swift */ = {isa = PBXFileReference; lastKnownFileType = sourcecode.swift; path = ViewController.swift; sourceTree = "<group>"; };
		EE44541D22C14BAA00DB123D /* Base */ = {isa = PBXFileReference; lastKnownFileType = file.storyboard; name = Base; path = Base.lproj/Main.storyboard; sourceTree = "<group>"; };
		EE44541F22C14BAC00DB123D /* Assets.xcassets */ = {isa = PBXFileReference; lastKnownFileType = folder.assetcatalog; path = Assets.xcassets; sourceTree = "<group>"; };
		EE44542222C14BAC00DB123D /* Base */ = {isa = PBXFileReference; lastKnownFileType = file.storyboard; name = Base; path = Base.lproj/LaunchScreen.storyboard; sourceTree = "<group>"; };
		EE44542422C14BAC00DB123D /* Info.plist */ = {isa = PBXFileReference; lastKnownFileType = text.plist.xml; path = Info.plist; sourceTree = "<group>"; };
		EE44542A22C14C2C00DB123D /* CountiresTableView.xib */ = {isa = PBXFileReference; lastKnownFileType = file.xib; path = CountiresTableView.xib; sourceTree = "<group>"; };
		EE44542C22C14CF800DB123D /* CountiresTableView.swift */ = {isa = PBXFileReference; lastKnownFileType = sourcecode.swift; path = CountiresTableView.swift; sourceTree = "<group>"; };
		EE44542E22C14F1C00DB123D /* CountyCell.swift */ = {isa = PBXFileReference; lastKnownFileType = sourcecode.swift; path = CountyCell.swift; sourceTree = "<group>"; };
		EE44542F22C14F1C00DB123D /* CountyCell.xib */ = {isa = PBXFileReference; lastKnownFileType = file.xib; path = CountyCell.xib; sourceTree = "<group>"; };
		EE44543222C14FE300DB123D /* DataManager.swift */ = {isa = PBXFileReference; lastKnownFileType = sourcecode.swift; path = DataManager.swift; sourceTree = "<group>"; };
		EE44543522C1501800DB123D /* ServerManager.swift */ = {isa = PBXFileReference; lastKnownFileType = sourcecode.swift; path = ServerManager.swift; sourceTree = "<group>"; };
		EE44543722C1505E00DB123D /* Country.swift */ = {isa = PBXFileReference; lastKnownFileType = sourcecode.swift; path = Country.swift; sourceTree = "<group>"; };
		EE97C74A22C26458000E47DA /* CountryViewController.swift */ = {isa = PBXFileReference; lastKnownFileType = sourcecode.swift; path = CountryViewController.swift; sourceTree = "<group>"; };
		EE97C74C22C271F5000E47DA /* Constants.swift */ = {isa = PBXFileReference; lastKnownFileType = sourcecode.swift; path = Constants.swift; sourceTree = "<group>"; };
/* End PBXFileReference section */

/* Begin PBXFrameworksBuildPhase section */
		EE44541222C14BAA00DB123D /* Frameworks */ = {
			isa = PBXFrameworksBuildPhase;
			buildActionMask = 2147483647;
			files = (
			);
			runOnlyForDeploymentPostprocessing = 0;
		};
/* End PBXFrameworksBuildPhase section */

/* Begin PBXGroup section */
		EE44540C22C14BAA00DB123D = {
			isa = PBXGroup;
			children = (
				EE44541722C14BAA00DB123D /* CountriesApp19 */,
				EE44541622C14BAA00DB123D /* Products */,
			);
			sourceTree = "<group>";
		};
		EE44541622C14BAA00DB123D /* Products */ = {
			isa = PBXGroup;
			children = (
				EE44541522C14BAA00DB123D /* CountriesApp19.app */,
			);
			name = Products;
			sourceTree = "<group>";
		};
		EE44541722C14BAA00DB123D /* CountriesApp19 */ = {
			isa = PBXGroup;
			children = (
				EE44543A22C1570C00DB123D /* Controller */,
				EE44543422C14FFE00DB123D /* Model */,
				EE44541822C14BAA00DB123D /* AppDelegate.swift */,
				EE44543922C1525200DB123D /* View */,
				EE44541F22C14BAC00DB123D /* Assets.xcassets */,
				EE44542422C14BAC00DB123D /* Info.plist */,
			);
			path = CountriesApp19;
			sourceTree = "<group>";
		};
		EE44543422C14FFE00DB123D /* Model */ = {
			isa = PBXGroup;
			children = (
				EE44543222C14FE300DB123D /* DataManager.swift */,
				EE44543522C1501800DB123D /* ServerManager.swift */,
				EE44543722C1505E00DB123D /* Country.swift */,
				EE97C74C22C271F5000E47DA /* Constants.swift */,
			);
			path = Model;
			sourceTree = "<group>";
		};
		EE44543922C1525200DB123D /* View */ = {
			isa = PBXGroup;
			children = (
				EE44542C22C14CF800DB123D /* CountiresTableView.swift */,
				EE44542A22C14C2C00DB123D /* CountiresTableView.xib */,
				EE44542E22C14F1C00DB123D /* CountyCell.swift */,
				EE44542F22C14F1C00DB123D /* CountyCell.xib */,
				EE44542122C14BAC00DB123D /* LaunchScreen.storyboard */,
				EE44541C22C14BAA00DB123D /* Main.storyboard */,
			);
			path = View;
			sourceTree = "<group>";
		};
		EE44543A22C1570C00DB123D /* Controller */ = {
			isa = PBXGroup;
			children = (
				EE44541A22C14BAA00DB123D /* ViewController.swift */,
				EE97C74A22C26458000E47DA /* CountryViewController.swift */,
			);
			path = Controller;
			sourceTree = "<group>";
		};
/* End PBXGroup section */

/* Begin PBXNativeTarget section */
		EE44541422C14BAA00DB123D /* CountriesApp19 */ = {
			isa = PBXNativeTarget;
			buildConfigurationList = EE44542722C14BAC00DB123D /* Build configuration list for PBXNativeTarget "CountriesApp19" */;
			buildPhases = (
				EE44541122C14BAA00DB123D /* Sources */,
				EE44541222C14BAA00DB123D /* Frameworks */,
				EE44541322C14BAA00DB123D /* Resources */,
			);
			buildRules = (
			);
			dependencies = (
			);
			name = CountriesApp19;
			productName = CountriesApp19;
			productReference = EE44541522C14BAA00DB123D /* CountriesApp19.app */;
			productType = "com.apple.product-type.application";
		};
/* End PBXNativeTarget section */

/* Begin PBXProject section */
		EE44540D22C14BAA00DB123D /* Project object */ = {
			isa = PBXProject;
			attributes = {
				LastSwiftUpdateCheck = 1010;
				LastUpgradeCheck = 1010;
				ORGANIZATIONNAME = MoranLeviLtd;
				TargetAttributes = {
					EE44541422C14BAA00DB123D = {
						CreatedOnToolsVersion = 10.1;
						LastSwiftMigration = 1030;
					};
				};
			};
			buildConfigurationList = EE44541022C14BAA00DB123D /* Build configuration list for PBXProject "CountriesApp19" */;
			compatibilityVersion = "Xcode 9.3";
			developmentRegion = en;
			hasScannedForEncodings = 0;
			knownRegions = (
				en,
				Base,
			);
			mainGroup = EE44540C22C14BAA00DB123D;
			productRefGroup = EE44541622C14BAA00DB123D /* Products */;
			projectDirPath = "";
			projectRoot = "";
			targets = (
				EE44541422C14BAA00DB123D /* CountriesApp19 */,
			);
		};
/* End PBXProject section */

/* Begin PBXResourcesBuildPhase section */
		EE44541322C14BAA00DB123D /* Resources */ = {
			isa = PBXResourcesBuildPhase;
			buildActionMask = 2147483647;
			files = (
				EE44542322C14BAC00DB123D /* LaunchScreen.storyboard in Resources */,
				EE44543122C14F1C00DB123D /* CountyCell.xib in Resources */,
				EE44542022C14BAC00DB123D /* Assets.xcassets in Resources */,
				EE44542B22C14C2C00DB123D /* CountiresTableView.xib in Resources */,
				EE44541E22C14BAA00DB123D /* Main.storyboard in Resources */,
			);
			runOnlyForDeploymentPostprocessing = 0;
		};
/* End PBXResourcesBuildPhase section */

/* Begin PBXSourcesBuildPhase section */
		EE44541122C14BAA00DB123D /* Sources */ = {
			isa = PBXSourcesBuildPhase;
			buildActionMask = 2147483647;
			files = (
				EE44543822C1505E00DB123D /* Country.swift in Sources */,
				EE97C74B22C26458000E47DA /* CountryViewController.swift in Sources */,
				EE44543622C1501800DB123D /* ServerManager.swift in Sources */,
				EE44541B22C14BAA00DB123D /* ViewController.swift in Sources */,
				EE44543322C14FE300DB123D /* DataManager.swift in Sources */,
				EE44543022C14F1C00DB123D /* CountyCell.swift in Sources */,
				EE44541922C14BAA00DB123D /* AppDelegate.swift in Sources */,
				EE44542D22C14CF800DB123D /* CountiresTableView.swift in Sources */,
				EE97C74D22C271F5000E47DA /* Constants.swift in Sources */,
			);
			runOnlyForDeploymentPostprocessing = 0;
		};
/* End PBXSourcesBuildPhase section */

/* Begin PBXVariantGroup section */
		EE44541C22C14BAA00DB123D /* Main.storyboard */ = {
			isa = PBXVariantGroup;
			children = (
				EE44541D22C14BAA00DB123D /* Base */,
			);
			name = Main.storyboard;
			sourceTree = "<group>";
		};
		EE44542122C14BAC00DB123D /* LaunchScreen.storyboard */ = {
			isa = PBXVariantGroup;
			children = (
				EE44542222C14BAC00DB123D /* Base */,
			);
			name = LaunchScreen.storyboard;
			sourceTree = "<group>";
		};
/* End PBXVariantGroup section */

/* Begin XCBuildConfiguration section */
		EE44542522C14BAC00DB123D /* Debug */ = {
			isa = XCBuildConfiguration;
			buildSettings = {
				ALWAYS_SEARCH_USER_PATHS = NO;
				CLANG_ANALYZER_NONNULL = YES;
				CLANG_ANALYZER_NUMBER_OBJECT_CONVERSION = YES_AGGRESSIVE;
				CLANG_CXX_LANGUAGE_STANDARD = "gnu++14";
				CLANG_CXX_LIBRARY = "libc++";
				CLANG_ENABLE_MODULES = YES;
				CLANG_ENABLE_OBJC_ARC = YES;
				CLANG_ENABLE_OBJC_WEAK = YES;
				CLANG_WARN_BLOCK_CAPTURE_AUTORELEASING = YES;
				CLANG_WARN_BOOL_CONVERSION = YES;
				CLANG_WARN_COMMA = YES;
				CLANG_WARN_CONSTANT_CONVERSION = YES;
				CLANG_WARN_DEPRECATED_OBJC_IMPLEMENTATIONS = YES;
				CLANG_WARN_DIRECT_OBJC_ISA_USAGE = YES_ERROR;
				CLANG_WARN_DOCUMENTATION_COMMENTS = YES;
				CLANG_WARN_EMPTY_BODY = YES;
				CLANG_WARN_ENUM_CONVERSION = YES;
				CLANG_WARN_INFINITE_RECURSION = YES;
				CLANG_WARN_INT_CONVERSION = YES;
				CLANG_WARN_NON_LITERAL_NULL_CONVERSION = YES;
				CLANG_WARN_OBJC_IMPLICIT_RETAIN_SELF = YES;
				CLANG_WARN_OBJC_LITERAL_CONVERSION = YES;
				CLANG_WARN_OBJC_ROOT_CLASS = YES_ERROR;
				CLANG_WARN_RANGE_LOOP_ANALYSIS = YES;
				CLANG_WARN_STRICT_PROTOTYPES = YES;
				CLANG_WARN_SUSPICIOUS_MOVE = YES;
				CLANG_WARN_UNGUARDED_AVAILABILITY = YES_AGGRESSIVE;
				CLANG_WARN_UNREACHABLE_CODE = YES;
				CLANG_WARN__DUPLICATE_METHOD_MATCH = YES;
				CODE_SIGN_IDENTITY = "iPhone Developer";
				COPY_PHASE_STRIP = NO;
				DEBUG_INFORMATION_FORMAT = dwarf;
				ENABLE_STRICT_OBJC_MSGSEND = YES;
				ENABLE_TESTABILITY = YES;
				GCC_C_LANGUAGE_STANDARD = gnu11;
				GCC_DYNAMIC_NO_PIC = NO;
				GCC_NO_COMMON_BLOCKS = YES;
				GCC_OPTIMIZATION_LEVEL = 0;
				GCC_PREPROCESSOR_DEFINITIONS = (
					"DEBUG=1",
					"$(inherited)",
				);
				GCC_WARN_64_TO_32_BIT_CONVERSION = YES;
				GCC_WARN_ABOUT_RETURN_TYPE = YES_ERROR;
				GCC_WARN_UNDECLARED_SELECTOR = YES;
				GCC_WARN_UNINITIALIZED_AUTOS = YES_AGGRESSIVE;
				GCC_WARN_UNUSED_FUNCTION = YES;
				GCC_WARN_UNUSED_VARIABLE = YES;
				IPHONEOS_DEPLOYMENT_TARGET = 12.1;
				MTL_ENABLE_DEBUG_INFO = INCLUDE_SOURCE;
				MTL_FAST_MATH = YES;
				ONLY_ACTIVE_ARCH = YES;
				SDKROOT = iphoneos;
				SWIFT_ACTIVE_COMPILATION_CONDITIONS = DEBUG;
				SWIFT_OPTIMIZATION_LEVEL = "-Onone";
			};
			name = Debug;
		};
		EE44542622C14BAC00DB123D /* Release */ = {
			isa = XCBuildConfiguration;
			buildSettings = {
				ALWAYS_SEARCH_USER_PATHS = NO;
				CLANG_ANALYZER_NONNULL = YES;
				CLANG_ANALYZER_NUMBER_OBJECT_CONVERSION = YES_AGGRESSIVE;
				CLANG_CXX_LANGUAGE_STANDARD = "gnu++14";
				CLANG_CXX_LIBRARY = "libc++";
				CLANG_ENABLE_MODULES = YES;
				CLANG_ENABLE_OBJC_ARC = YES;
				CLANG_ENABLE_OBJC_WEAK = YES;
				CLANG_WARN_BLOCK_CAPTURE_AUTORELEASING = YES;
				CLANG_WARN_BOOL_CONVERSION = YES;
				CLANG_WARN_COMMA = YES;
				CLANG_WARN_CONSTANT_CONVERSION = YES;
				CLANG_WARN_DEPRECATED_OBJC_IMPLEMENTATIONS = YES;
				CLANG_WARN_DIRECT_OBJC_ISA_USAGE = YES_ERROR;
				CLANG_WARN_DOCUMENTATION_COMMENTS = YES;
				CLANG_WARN_EMPTY_BODY = YES;
				CLANG_WARN_ENUM_CONVERSION = YES;
				CLANG_WARN_INFINITE_RECURSION = YES;
				CLANG_WARN_INT_CONVERSION = YES;
				CLANG_WARN_NON_LITERAL_NULL_CONVERSION = YES;
				CLANG_WARN_OBJC_IMPLICIT_RETAIN_SELF = YES;
				CLANG_WARN_OBJC_LITERAL_CONVERSION = YES;
				CLANG_WARN_OBJC_ROOT_CLASS = YES_ERROR;
				CLANG_WARN_RANGE_LOOP_ANALYSIS = YES;
				CLANG_WARN_STRICT_PROTOTYPES = YES;
				CLANG_WARN_SUSPICIOUS_MOVE = YES;
				CLANG_WARN_UNGUARDED_AVAILABILITY = YES_AGGRESSIVE;
				CLANG_WARN_UNREACHABLE_CODE = YES;
				CLANG_WARN__DUPLICATE_METHOD_MATCH = YES;
				CODE_SIGN_IDENTITY = "iPhone Developer";
				COPY_PHASE_STRIP = NO;
				DEBUG_INFORMATION_FORMAT = "dwarf-with-dsym";
				ENABLE_NS_ASSERTIONS = NO;
				ENABLE_STRICT_OBJC_MSGSEND = YES;
				GCC_C_LANGUAGE_STANDARD = gnu11;
				GCC_NO_COMMON_BLOCKS = YES;
				GCC_WARN_64_TO_32_BIT_CONVERSION = YES;
				GCC_WARN_ABOUT_RETURN_TYPE = YES_ERROR;
				GCC_WARN_UNDECLARED_SELECTOR = YES;
				GCC_WARN_UNINITIALIZED_AUTOS = YES_AGGRESSIVE;
				GCC_WARN_UNUSED_FUNCTION = YES;
				GCC_WARN_UNUSED_VARIABLE = YES;
				IPHONEOS_DEPLOYMENT_TARGET = 12.1;
				MTL_ENABLE_DEBUG_INFO = NO;
				MTL_FAST_MATH = YES;
				SDKROOT = iphoneos;
				SWIFT_COMPILATION_MODE = wholemodule;
				SWIFT_OPTIMIZATION_LEVEL = "-O";
				VALIDATE_PRODUCT = YES;
			};
			name = Release;
		};
		EE44542822C14BAC00DB123D /* Debug */ = {
			isa = XCBuildConfiguration;
			buildSettings = {
				ASSETCATALOG_COMPILER_APPICON_NAME = AppIcon;
				CODE_SIGN_STYLE = Automatic;
				DEVELOPMENT_TEAM = 3V5PB2ET49;
				INFOPLIST_FILE = CountriesApp19/Info.plist;
				LD_RUNPATH_SEARCH_PATHS = (
					"$(inherited)",
					"@executable_path/Frameworks",
				);
				PRODUCT_BUNDLE_IDENTIFIER = com.NeriaJerafi.CountriesApp19;
				PRODUCT_NAME = "$(TARGET_NAME)";
				SWIFT_VERSION = 5.0;
				TARGETED_DEVICE_FAMILY = "1,2";
			};
			name = Debug;
		};
		EE44542922C14BAC00DB123D /* Release */ = {
			isa = XCBuildConfiguration;
			buildSettings = {
				ASSETCATALOG_COMPILER_APPICON_NAME = AppIcon;
				CODE_SIGN_STYLE = Automatic;
				DEVELOPMENT_TEAM = 3V5PB2ET49;
				INFOPLIST_FILE = CountriesApp19/Info.plist;
				LD_RUNPATH_SEARCH_PATHS = (
					"$(inherited)",
					"@executable_path/Frameworks",
				);
				PRODUCT_BUNDLE_IDENTIFIER = com.NeriaJerafi.CountriesApp19;
				PRODUCT_NAME = "$(TARGET_NAME)";
				SWIFT_VERSION = 5.0;
				TARGETED_DEVICE_FAMILY = "1,2";
			};
			name = Release;
		};
/* End XCBuildConfiguration section */

/* Begin XCConfigurationList section */
		EE44541022C14BAA00DB123D /* Build configuration list for PBXProject "CountriesApp19" */ = {
			isa = XCConfigurationList;
			buildConfigurations = (
				EE44542522C14BAC00DB123D /* Debug */,
				EE44542622C14BAC00DB123D /* Release */,
			);
			defaultConfigurationIsVisible = 0;
			defaultConfigurationName = Release;
		};
		EE44542722C14BAC00DB123D /* Build configuration list for PBXNativeTarget "CountriesApp19" */ = {
			isa = XCConfigurationList;
			buildConfigurations = (
				EE44542822C14BAC00DB123D /* Debug */,
				EE44542922C14BAC00DB123D /* Release */,
			);
			defaultConfigurationIsVisible = 0;
			defaultConfigurationName = Release;
		};
/* End XCConfigurationList section */
	};
	rootObject = EE44540D22C14BAA00DB123D /* Project object */;
}
